
Microsoft Visual Studio Solution File, Format Version 12.00
# Visual Studio Version 16
VisualStudioVersion = 16.0.31205.134
MinimumVisualStudioVersion = 10.0.40219.1
Project("{FAE04EC0-301F-11D3-BF4B-00C04F79EFBC}") = "DigitalThinkers.SelfServiceCheckout.Data", "DigitalThinkers.SelfServiceCheckout.Data\DigitalThinkers.SelfServiceCheckout.Data.csproj", "{5EDD1B7B-2566-4F40-993D-E4F154C11A4B}"
EndProject
Project("{FAE04EC0-301F-11D3-BF4B-00C04F79EFBC}") = "DigitalThinkers.SelfServiceCheckout.Logic", "DigitalThinkers.SelfServiceCheckout.Logic\DigitalThinkers.SelfServiceCheckout.Logic.csproj", "{796B9AD2-AB7E-4798-B701-2FE9BD7125BE}"
EndProject
Project("{FAE04EC0-301F-11D3-BF4B-00C04F79EFBC}") = "DigitalThinkers.SelfServiceCheckout.Api", "DigitalThinkers.SelfServiceCheckout.Api\DigitalThinkers.SelfServiceCheckout.Api.csproj", "{DFF31B44-2764-4F99-9BC4-D91023D83899}"
EndProject
Global
	GlobalSection(SolutionConfigurationPlatforms) = preSolution
		Debug|Any CPU = Debug|Any CPU
		Release|Any CPU = Release|Any CPU
	EndGlobalSection
	GlobalSection(ProjectConfigurationPlatforms) = postSolution
		{5EDD1B7B-2566-4F40-993D-E4F154C11A4B}.Debug|Any CPU.ActiveCfg = Debug|Any CPU
		{5EDD1B7B-2566-4F40-993D-E4F154C11A4B}.Debug|Any CPU.Build.0 = Debug|Any CPU
		{5EDD1B7B-2566-4F40-993D-E4F154C11A4B}.Release|Any CPU.ActiveCfg = Release|Any CPU
		{5EDD1B7B-2566-4F40-993D-E4F154C11A4B}.Release|Any CPU.Build.0 = Release|Any CPU
		{796B9AD2-AB7E-4798-B701-2FE9BD7125BE}.Debug|Any CPU.ActiveCfg = Debug|Any CPU
		{796B9AD2-AB7E-4798-B701-2FE9BD7125BE}.Debug|Any CPU.Build.0 = Debug|Any CPU
		{796B9AD2-AB7E-4798-B701-2FE9BD7125BE}.Release|Any CPU.ActiveCfg = Release|Any CPU
		{796B9AD2-AB7E-4798-B701-2FE9BD7125BE}.Release|Any CPU.Build.0 = Release|Any CPU
		{DFF31B44-2764-4F99-9BC4-D91023D83899}.Debug|Any CPU.ActiveCfg = Debug|Any CPU
		{DFF31B44-2764-4F99-9BC4-D91023D83899}.Debug|Any CPU.Build.0 = Debug|Any CPU
		{DFF31B44-2764-4F99-9BC4-D91023D83899}.Release|Any CPU.ActiveCfg = Release|Any CPU
		{DFF31B44-2764-4F99-9BC4-D91023D83899}.Release|Any CPU.Build.0 = Release|Any CPU
	EndGlobalSection
	GlobalSection(SolutionProperties) = preSolution
		HideSolutionNode = FALSE
	EndGlobalSection
	GlobalSection(ExtensibilityGlobals) = postSolution
		SolutionGuid = {63DEA308-29C0-4972-A973-3801CDDD7EDC}
	EndGlobalSection
EndGlobal
